
Microsoft Visual Studio Solution File, Format Version 12.00
# Visual Studio Version 17
VisualStudioVersion = 17.14.36401.2
MinimumVisualStudioVersion = 10.0.40219.1
Project("{FAE04EC0-301F-11D3-BF4B-00C04F79EFBC}") = "AM.Application.Shell", "AM.Application.Shell\AM.Application.Shell.csproj", "{9623D7FF-95C3-4DAB-B761-0B1D61B9A8DB}"
EndProject
Project("{FAE04EC0-301F-11D3-BF4B-00C04F79EFBC}") = "AM.Core", "AM.Core\AM.Core.csproj", "{A1B2C3D4-0001-0000-0000-000000000001}"
EndProject
Project("{FAE04EC0-301F-11D3-BF4B-00C04F79EFBC}") = "AM.Core.Abstractions", "AM.Core.Abstractions\AM.Core.Abstractions.csproj", "{A1B2C3D4-0002-0000-0000-000000000002}"
EndProject
Project("{FAE04EC0-301F-11D3-BF4B-00C04F79EFBC}") = "AM.Infrastructure", "AM.Infrastructure\AM.Infrastructure.csproj", "{A1B2C3D4-0003-0000-0000-000000000003}"
EndProject
Project("{FAE04EC0-301F-11D3-BF4B-00C04F79EFBC}") = "AM.Data", "AM.Data\AM.Data.csproj", "{A1B2C3D4-0004-0000-0000-000000000004}"
EndProject
Project("{FAE04EC0-301F-11D3-BF4B-00C04F79EFBC}") = "AM.CommonTools", "AM.CommonTools\AM.CommonTools.csproj", "{A1B2C3D4-0005-0000-0000-000000000005}"
EndProject
Project("{FAE04EC0-301F-11D3-BF4B-00C04F79EFBC}") = "AM.Hardware.Motion", "AM.Hardware.Motion\AM.Hardware.Motion.csproj", "{A1B2C3D4-0006-0000-0000-000000000006}"
EndProject
Project("{FAE04EC0-301F-11D3-BF4B-00C04F79EFBC}") = "AM.Hardware.Vision", "AM.Hardware.Vision\AM.Hardware.Vision.csproj", "{A1B2C3D4-0007-0000-0000-000000000007}"
EndProject
Project("{FAE04EC0-301F-11D3-BF4B-00C04F79EFBC}") = "AM.Hardware.IO", "AM.Hardware.IO\AM.Hardware.IO.csproj", "{A1B2C3D4-0008-0000-0000-000000000008}"
EndProject
Project("{FAE04EC0-301F-11D3-BF4B-00C04F79EFBC}") = "AM.Services", "AM.Services\AM.Services.csproj", "{A1B2C3D4-0009-0000-0000-000000000009}"
EndProject
Project("{FAE04EC0-301F-11D3-BF4B-00C04F79EFBC}") = "AM.WorkStation.Demo", "AM.WorkStation.Demo\AM.WorkStation.Demo.csproj", "{A1B2C3D4-0010-0000-0000-000000000010}"
EndProject
Project("{FAE04EC0-301F-11D3-BF4B-00C04F79EFBC}") = "AM.Hardware.Comm", "AM.Hardware.Comm\AM.Hardware.Comm.csproj", "{8E33232E-2D52-45C9-AC49-E50245D18B7F}"
EndProject
Project("{FAE04EC0-301F-11D3-BF4B-00C04F79EFBC}") = "AM.Services.Tests", "AM.Services.Tests\AM.Services.Tests.csproj", "{710AA6D0-1ABF-41F4-9A34-82BF8A6F1223}"
EndProject
Project("{FAE04EC0-301F-11D3-BF4B-00C04F79EFBC}") = "AM.Modules.Dashboard", "AM.Modules.Dashboard\AM.Modules.Dashboard.csproj", "{4E25EE4F-3F5D-458C-BFDB-E4D96D28D27C}"
EndProject
Project("{FAE04EC0-301F-11D3-BF4B-00C04F79EFBC}") = "AM.Hardware.Tests", "AM.Hardware.Tests\AM.Hardware.Tests.csproj", "{E2606E02-7ACE-474F-856B-B1E233C6E07E}"
EndProject
Project("{FAE04EC0-301F-11D3-BF4B-00C04F79EFBC}") = "AM.Hardware.Scanner", "AM.Hardware.Scanner\AM.Hardware.Scanner.csproj", "{08AABBD1-3009-4ED4-AA39-147B9D216035}"
EndProject
Project("{FAE04EC0-301F-11D3-BF4B-00C04F79EFBC}") = "AM.Infrastructure.Tests", "AM.Infrastructure.Tests\AM.Infrastructure.Tests.csproj", "{3A4D4DBA-3D45-4608-9486-F2BBF0756D24}"
EndProject
Project("{FAE04EC0-301F-11D3-BF4B-00C04F79EFBC}") = "AM.Modules.Alarm", "AM.Modules.Alarm\AM.Modules.Alarm.csproj", "{C58CAE28-C050-4A61-9AA5-780B96E6E4DD}"
EndProject
Global
	GlobalSection(SolutionConfigurationPlatforms) = preSolution
		Debug|Any CPU = Debug|Any CPU
		Debug|x64 = Debug|x64
		Debug|x86 = Debug|x86
		Release|Any CPU = Release|Any CPU
		Release|x64 = Release|x64
		Release|x86 = Release|x86
	EndGlobalSection
	GlobalSection(ProjectConfigurationPlatforms) = postSolution
		{9623D7FF-95C3-4DAB-B761-0B1D61B9A8DB}.Debug|Any CPU.ActiveCfg = Debug|Any CPU
		{9623D7FF-95C3-4DAB-B761-0B1D61B9A8DB}.Debug|Any CPU.Build.0 = Debug|Any CPU
		{9623D7FF-95C3-4DAB-B761-0B1D61B9A8DB}.Debug|x64.ActiveCfg = Debug|Any CPU
		{9623D7FF-95C3-4DAB-B761-0B1D61B9A8DB}.Debug|x64.Build.0 = Debug|Any CPU
		{9623D7FF-95C3-4DAB-B761-0B1D61B9A8DB}.Debug|x86.ActiveCfg = Debug|Any CPU
		{9623D7FF-95C3-4DAB-B761-0B1D61B9A8DB}.Debug|x86.Build.0 = Debug|Any CPU
		{9623D7FF-95C3-4DAB-B761-0B1D61B9A8DB}.Release|Any CPU.ActiveCfg = Release|Any CPU
		{9623D7FF-95C3-4DAB-B761-0B1D61B9A8DB}.Release|Any CPU.Build.0 = Release|Any CPU
		{9623D7FF-95C3-4DAB-B761-0B1D61B9A8DB}.Release|x64.ActiveCfg = Release|Any CPU
		{9623D7FF-95C3-4DAB-B761-0B1D61B9A8DB}.Release|x64.Build.0 = Release|Any CPU
		{9623D7FF-95C3-4DAB-B761-0B1D61B9A8DB}.Release|x86.ActiveCfg = Release|Any CPU
		{9623D7FF-95C3-4DAB-B761-0B1D61B9A8DB}.Release|x86.Build.0 = Release|Any CPU
		{A1B2C3D4-0001-0000-0000-000000000001}.Debug|Any CPU.ActiveCfg = Debug|Any CPU
		{A1B2C3D4-0001-0000-0000-000000000001}.Debug|Any CPU.Build.0 = Debug|Any CPU
		{A1B2C3D4-0001-0000-0000-000000000001}.Debug|x64.ActiveCfg = Debug|Any CPU
		{A1B2C3D4-0001-0000-0000-000000000001}.Debug|x64.Build.0 = Debug|Any CPU
		{A1B2C3D4-0001-0000-0000-000000000001}.Debug|x86.ActiveCfg = Debug|Any CPU
		{A1B2C3D4-0001-0000-0000-000000000001}.Debug|x86.Build.0 = Debug|Any CPU
		{A1B2C3D4-0001-0000-0000-000000000001}.Release|Any CPU.ActiveCfg = Release|Any CPU
		{A1B2C3D4-0001-0000-0000-000000000001}.Release|Any CPU.Build.0 = Release|Any CPU
		{A1B2C3D4-0001-0000-0000-000000000001}.Release|x64.ActiveCfg = Release|Any CPU
		{A1B2C3D4-0001-0000-0000-000000000001}.Release|x64.Build.0 = Release|Any CPU
		{A1B2C3D4-0001-0000-0000-000000000001}.Release|x86.ActiveCfg = Release|Any CPU
		{A1B2C3D4-0001-0000-0000-000000000001}.Release|x86.Build.0 = Release|Any CPU
		{A1B2C3D4-0002-0000-0000-000000000002}.Debug|Any CPU.ActiveCfg = Debug|Any CPU
		{A1B2C3D4-0002-0000-0000-000000000002}.Debug|Any CPU.Build.0 = Debug|Any CPU
		{A1B2C3D4-0002-0000-0000-000000000002}.Debug|x64.ActiveCfg = Debug|Any CPU
		{A1B2C3D4-0002-0000-0000-000000000002}.Debug|x64.Build.0 = Debug|Any CPU
		{A1B2C3D4-0002-0000-0000-000000000002}.Debug|x86.ActiveCfg = Debug|Any CPU
		{A1B2C3D4-0002-0000-0000-000000000002}.Debug|x86.Build.0 = Debug|Any CPU
		{A1B2C3D4-0002-0000-0000-000000000002}.Release|Any CPU.ActiveCfg = Release|Any CPU
		{A1B2C3D4-0002-0000-0000-000000000002}.Release|Any CPU.Build.0 = Release|Any CPU
		{A1B2C3D4-0002-0000-0000-000000000002}.Release|x64.ActiveCfg = Release|Any CPU
		{A1B2C3D4-0002-0000-0000-000000000002}.Release|x64.Build.0 = Release|Any CPU
		{A1B2C3D4-0002-0000-0000-000000000002}.Release|x86.ActiveCfg = Release|Any CPU
		{A1B2C3D4-0002-0000-0000-000000000002}.Release|x86.Build.0 = Release|Any CPU
		{A1B2C3D4-0003-0000-0000-000000000003}.Debug|Any CPU.ActiveCfg = Debug|Any CPU
		{A1B2C3D4-0003-0000-0000-000000000003}.Debug|Any CPU.Build.0 = Debug|Any CPU
		{A1B2C3D4-0003-0000-0000-000000000003}.Debug|x64.ActiveCfg = Debug|Any CPU
		{A1B2C3D4-0003-0000-0000-000000000003}.Debug|x64.Build.0 = Debug|Any CPU
		{A1B2C3D4-0003-0000-0000-000000000003}.Debug|x86.ActiveCfg = Debug|Any CPU
		{A1B2C3D4-0003-0000-0000-000000000003}.Debug|x86.Build.0 = Debug|Any CPU
		{A1B2C3D4-0003-0000-0000-000000000003}.Release|Any CPU.ActiveCfg = Release|Any CPU
		{A1B2C3D4-0003-0000-0000-000000000003}.Release|Any CPU.Build.0 = Release|Any CPU
		{A1B2C3D4-0003-0000-0000-000000000003}.Release|x64.ActiveCfg = Release|Any CPU
		{A1B2C3D4-0003-0000-0000-000000000003}.Release|x64.Build.0 = Release|Any CPU
		{A1B2C3D4-0003-0000-0000-000000000003}.Release|x86.ActiveCfg = Release|Any CPU
		{A1B2C3D4-0003-0000-0000-000000000003}.Release|x86.Build.0 = Release|Any CPU
		{A1B2C3D4-0004-0000-0000-000000000004}.Debug|Any CPU.ActiveCfg = Debug|Any CPU
		{A1B2C3D4-0004-0000-0000-000000000004}.Debug|Any CPU.Build.0 = Debug|Any CPU
		{A1B2C3D4-0004-0000-0000-000000000004}.Debug|x64.ActiveCfg = Debug|Any CPU
		{A1B2C3D4-0004-0000-0000-000000000004}.Debug|x64.Build.0 = Debug|Any CPU
		{A1B2C3D4-0004-0000-0000-000000000004}.Debug|x86.ActiveCfg = Debug|Any CPU
		{A1B2C3D4-0004-0000-0000-000000000004}.Debug|x86.Build.0 = Debug|Any CPU
		{A1B2C3D4-0004-0000-0000-000000000004}.Release|Any CPU.ActiveCfg = Release|Any CPU
		{A1B2C3D4-0004-0000-0000-000000000004}.Release|Any CPU.Build.0 = Release|Any CPU
		{A1B2C3D4-0004-0000-0000-000000000004}.Release|x64.ActiveCfg = Release|Any CPU
		{A1B2C3D4-0004-0000-0000-000000000004}.Release|x64.Build.0 = Release|Any CPU
		{A1B2C3D4-0004-0000-0000-000000000004}.Release|x86.ActiveCfg = Release|Any CPU
		{A1B2C3D4-0004-0000-0000-000000000004}.Release|x86.Build.0 = Release|Any CPU
		{A1B2C3D4-0005-0000-0000-000000000005}.Debug|Any CPU.ActiveCfg = Debug|Any CPU
		{A1B2C3D4-0005-0000-0000-000000000005}.Debug|Any CPU.Build.0 = Debug|Any CPU
		{A1B2C3D4-0005-0000-0000-000000000005}.Debug|x64.ActiveCfg = Debug|Any CPU
		{A1B2C3D4-0005-0000-0000-000000000005}.Debug|x64.Build.0 = Debug|Any CPU
		{A1B2C3D4-0005-0000-0000-000000000005}.Debug|x86.ActiveCfg = Debug|Any CPU
		{A1B2C3D4-0005-0000-0000-000000000005}.Debug|x86.Build.0 = Debug|Any CPU
		{A1B2C3D4-0005-0000-0000-000000000005}.Release|Any CPU.ActiveCfg = Release|Any CPU
		{A1B2C3D4-0005-0000-0000-000000000005}.Release|Any CPU.Build.0 = Release|Any CPU
		{A1B2C3D4-0005-0000-0000-000000000005}.Release|x64.ActiveCfg = Release|Any CPU
		{A1B2C3D4-0005-0000-0000-000000000005}.Release|x64.Build.0 = Release|Any CPU
		{A1B2C3D4-0005-0000-0000-000000000005}.Release|x86.ActiveCfg = Release|Any CPU
		{A1B2C3D4-0005-0000-0000-000000000005}.Release|x86.Build.0 = Release|Any CPU
		{A1B2C3D4-0006-0000-0000-000000000006}.Debug|Any CPU.ActiveCfg = Debug|Any CPU
		{A1B2C3D4-0006-0000-0000-000000000006}.Debug|Any CPU.Build.0 = Debug|Any CPU
		{A1B2C3D4-0006-0000-0000-000000000006}.Debug|x64.ActiveCfg = Debug|Any CPU
		{A1B2C3D4-0006-0000-0000-000000000006}.Debug|x64.Build.0 = Debug|Any CPU
		{A1B2C3D4-0006-0000-0000-000000000006}.Debug|x86.ActiveCfg = Debug|Any CPU
		{A1B2C3D4-0006-0000-0000-000000000006}.Debug|x86.Build.0 = Debug|Any CPU
		{A1B2C3D4-0006-0000-0000-000000000006}.Release|Any CPU.ActiveCfg = Release|Any CPU
		{A1B2C3D4-0006-0000-0000-000000000006}.Release|Any CPU.Build.0 = Release|Any CPU
		{A1B2C3D4-0006-0000-0000-000000000006}.Release|x64.ActiveCfg = Release|Any CPU
		{A1B2C3D4-0006-0000-0000-000000000006}.Release|x64.Build.0 = Release|Any CPU
		{A1B2C3D4-0006-0000-0000-000000000006}.Release|x86.ActiveCfg = Release|Any CPU
		{A1B2C3D4-0006-0000-0000-000000000006}.Release|x86.Build.0 = Release|Any CPU
		{A1B2C3D4-0007-0000-0000-000000000007}.Debug|Any CPU.ActiveCfg = Debug|Any CPU
		{A1B2C3D4-0007-0000-0000-000000000007}.Debug|Any CPU.Build.0 = Debug|Any CPU
		{A1B2C3D4-0007-0000-0000-000000000007}.Debug|x64.ActiveCfg = Debug|Any CPU
		{A1B2C3D4-0007-0000-0000-000000000007}.Debug|x64.Build.0 = Debug|Any CPU
		{A1B2C3D4-0007-0000-0000-000000000007}.Debug|x86.ActiveCfg = Debug|Any CPU
		{A1B2C3D4-0007-0000-0000-000000000007}.Debug|x86.Build.0 = Debug|Any CPU
		{A1B2C3D4-0007-0000-0000-000000000007}.Release|Any CPU.ActiveCfg = Release|Any CPU
		{A1B2C3D4-0007-0000-0000-000000000007}.Release|Any CPU.Build.0 = Release|Any CPU
		{A1B2C3D4-0007-0000-0000-000000000007}.Release|x64.ActiveCfg = Release|Any CPU
		{A1B2C3D4-0007-0000-0000-000000000007}.Release|x64.Build.0 = Release|Any CPU
		{A1B2C3D4-0007-0000-0000-000000000007}.Release|x86.ActiveCfg = Release|Any CPU
		{A1B2C3D4-0007-0000-0000-000000000007}.Release|x86.Build.0 = Release|Any CPU
		{A1B2C3D4-0008-0000-0000-000000000008}.Debug|Any CPU.ActiveCfg = Debug|Any CPU
		{A1B2C3D4-0008-0000-0000-000000000008}.Debug|Any CPU.Build.0 = Debug|Any CPU
		{A1B2C3D4-0008-0000-0000-000000000008}.Debug|x64.ActiveCfg = Debug|Any CPU
		{A1B2C3D4-0008-0000-0000-000000000008}.Debug|x64.Build.0 = Debug|Any CPU
		{A1B2C3D4-0008-0000-0000-000000000008}.Debug|x86.ActiveCfg = Debug|Any CPU
		{A1B2C3D4-0008-0000-0000-000000000008}.Debug|x86.Build.0 = Debug|Any CPU
		{A1B2C3D4-0008-0000-0000-000000000008}.Release|Any CPU.ActiveCfg = Release|Any CPU
		{A1B2C3D4-0008-0000-0000-000000000008}.Release|Any CPU.Build.0 = Release|Any CPU
		{A1B2C3D4-0008-0000-0000-000000000008}.Release|x64.ActiveCfg = Release|Any CPU
		{A1B2C3D4-0008-0000-0000-000000000008}.Release|x64.Build.0 = Release|Any CPU
		{A1B2C3D4-0008-0000-0000-000000000008}.Release|x86.ActiveCfg = Release|Any CPU
		{A1B2C3D4-0008-0000-0000-000000000008}.Release|x86.Build.0 = Release|Any CPU
		{A1B2C3D4-0009-0000-0000-000000000009}.Debug|Any CPU.ActiveCfg = Debug|Any CPU
		{A1B2C3D4-0009-0000-0000-000000000009}.Debug|Any CPU.Build.0 = Debug|Any CPU
		{A1B2C3D4-0009-0000-0000-000000000009}.Debug|x64.ActiveCfg = Debug|Any CPU
		{A1B2C3D4-0009-0000-0000-000000000009}.Debug|x64.Build.0 = Debug|Any CPU
		{A1B2C3D4-0009-0000-0000-000000000009}.Debug|x86.ActiveCfg = Debug|Any CPU
		{A1B2C3D4-0009-0000-0000-000000000009}.Debug|x86.Build.0 = Debug|Any CPU
		{A1B2C3D4-0009-0000-0000-000000000009}.Release|Any CPU.ActiveCfg = Release|Any CPU
		{A1B2C3D4-0009-0000-0000-000000000009}.Release|Any CPU.Build.0 = Release|Any CPU
		{A1B2C3D4-0009-0000-0000-000000000009}.Release|x64.ActiveCfg = Release|Any CPU
		{A1B2C3D4-0009-0000-0000-000000000009}.Release|x64.Build.0 = Release|Any CPU
		{A1B2C3D4-0009-0000-0000-000000000009}.Release|x86.ActiveCfg = Release|Any CPU
		{A1B2C3D4-0009-0000-0000-000000000009}.Release|x86.Build.0 = Release|Any CPU
		{A1B2C3D4-0010-0000-0000-000000000010}.Debug|Any CPU.ActiveCfg = Debug|Any CPU
		{A1B2C3D4-0010-0000-0000-000000000010}.Debug|Any CPU.Build.0 = Debug|Any CPU
		{A1B2C3D4-0010-0000-0000-000000000010}.Debug|x64.ActiveCfg = Debug|Any CPU
		{A1B2C3D4-0010-0000-0000-000000000010}.Debug|x64.Build.0 = Debug|Any CPU
		{A1B2C3D4-0010-0000-0000-000000000010}.Debug|x86.ActiveCfg = Debug|Any CPU
		{A1B2C3D4-0010-0000-0000-000000000010}.Debug|x86.Build.0 = Debug|Any CPU
		{A1B2C3D4-0010-0000-0000-000000000010}.Release|Any CPU.ActiveCfg = Release|Any CPU
		{A1B2C3D4-0010-0000-0000-000000000010}.Release|Any CPU.Build.0 = Release|Any CPU
		{A1B2C3D4-0010-0000-0000-000000000010}.Release|x64.ActiveCfg = Release|Any CPU
		{A1B2C3D4-0010-0000-0000-000000000010}.Release|x64.Build.0 = Release|Any CPU
		{A1B2C3D4-0010-0000-0000-000000000010}.Release|x86.ActiveCfg = Release|Any CPU
		{A1B2C3D4-0010-0000-0000-000000000010}.Release|x86.Build.0 = Release|Any CPU
		{8E33232E-2D52-45C9-AC49-E50245D18B7F}.Debug|Any CPU.ActiveCfg = Debug|Any CPU
		{8E33232E-2D52-45C9-AC49-E50245D18B7F}.Debug|Any CPU.Build.0 = Debug|Any CPU
		{8E33232E-2D52-45C9-AC49-E50245D18B7F}.Debug|x64.ActiveCfg = Debug|Any CPU
		{8E33232E-2D52-45C9-AC49-E50245D18B7F}.Debug|x64.Build.0 = Debug|Any CPU
		{8E33232E-2D52-45C9-AC49-E50245D18B7F}.Debug|x86.ActiveCfg = Debug|Any CPU
		{8E33232E-2D52-45C9-AC49-E50245D18B7F}.Debug|x86.Build.0 = Debug|Any CPU
		{8E33232E-2D52-45C9-AC49-E50245D18B7F}.Release|Any CPU.ActiveCfg = Release|Any CPU
		{8E33232E-2D52-45C9-AC49-E50245D18B7F}.Release|Any CPU.Build.0 = Release|Any CPU
		{8E33232E-2D52-45C9-AC49-E50245D18B7F}.Release|x64.ActiveCfg = Release|Any CPU
		{8E33232E-2D52-45C9-AC49-E50245D18B7F}.Release|x64.Build.0 = Release|Any CPU
		{8E33232E-2D52-45C9-AC49-E50245D18B7F}.Release|x86.ActiveCfg = Release|Any CPU
		{8E33232E-2D52-45C9-AC49-E50245D18B7F}.Release|x86.Build.0 = Release|Any CPU
		{710AA6D0-1ABF-41F4-9A34-82BF8A6F1223}.Debug|Any CPU.ActiveCfg = Debug|Any CPU
		{710AA6D0-1ABF-41F4-9A34-82BF8A6F1223}.Debug|Any CPU.Build.0 = Debug|Any CPU
		{710AA6D0-1ABF-41F4-9A34-82BF8A6F1223}.Debug|x64.ActiveCfg = Debug|Any CPU
		{710AA6D0-1ABF-41F4-9A34-82BF8A6F1223}.Debug|x64.Build.0 = Debug|Any CPU
		{710AA6D0-1ABF-41F4-9A34-82BF8A6F1223}.Debug|x86.ActiveCfg = Debug|Any CPU
		{710AA6D0-1ABF-41F4-9A34-82BF8A6F1223}.Debug|x86.Build.0 = Debug|Any CPU
		{710AA6D0-1ABF-41F4-9A34-82BF8A6F1223}.Release|Any CPU.ActiveCfg = Release|Any CPU
		{710AA6D0-1ABF-41F4-9A34-82BF8A6F1223}.Release|Any CPU.Build.0 = Release|Any CPU
		{710AA6D0-1ABF-41F4-9A34-82BF8A6F1223}.Release|x64.ActiveCfg = Release|Any CPU
		{710AA6D0-1ABF-41F4-9A34-82BF8A6F1223}.Release|x64.Build.0 = Release|Any CPU
		{710AA6D0-1ABF-41F4-9A34-82BF8A6F1223}.Release|x86.ActiveCfg = Release|Any CPU
		{710AA6D0-1ABF-41F4-9A34-82BF8A6F1223}.Release|x86.Build.0 = Release|Any CPU
		{4E25EE4F-3F5D-458C-BFDB-E4D96D28D27C}.Debug|Any CPU.ActiveCfg = Debug|Any CPU
		{4E25EE4F-3F5D-458C-BFDB-E4D96D28D27C}.Debug|Any CPU.Build.0 = Debug|Any CPU
		{4E25EE4F-3F5D-458C-BFDB-E4D96D28D27C}.Debug|x64.ActiveCfg = Debug|Any CPU
		{4E25EE4F-3F5D-458C-BFDB-E4D96D28D27C}.Debug|x64.Build.0 = Debug|Any CPU
		{4E25EE4F-3F5D-458C-BFDB-E4D96D28D27C}.Debug|x86.ActiveCfg = Debug|Any CPU
		{4E25EE4F-3F5D-458C-BFDB-E4D96D28D27C}.Debug|x86.Build.0 = Debug|Any CPU
		{4E25EE4F-3F5D-458C-BFDB-E4D96D28D27C}.Release|Any CPU.ActiveCfg = Release|Any CPU
		{4E25EE4F-3F5D-458C-BFDB-E4D96D28D27C}.Release|Any CPU.Build.0 = Release|Any CPU
		{4E25EE4F-3F5D-458C-BFDB-E4D96D28D27C}.Release|x64.ActiveCfg = Release|Any CPU
		{4E25EE4F-3F5D-458C-BFDB-E4D96D28D27C}.Release|x64.Build.0 = Release|Any CPU
		{4E25EE4F-3F5D-458C-BFDB-E4D96D28D27C}.Release|x86.ActiveCfg = Release|Any CPU
		{4E25EE4F-3F5D-458C-BFDB-E4D96D28D27C}.Release|x86.Build.0 = Release|Any CPU
		{E2606E02-7ACE-474F-856B-B1E233C6E07E}.Debug|Any CPU.ActiveCfg = Debug|Any CPU
		{E2606E02-7ACE-474F-856B-B1E233C6E07E}.Debug|Any CPU.Build.0 = Debug|Any CPU
		{E2606E02-7ACE-474F-856B-B1E233C6E07E}.Debug|x64.ActiveCfg = Debug|Any CPU
		{E2606E02-7ACE-474F-856B-B1E233C6E07E}.Debug|x64.Build.0 = Debug|Any CPU
		{E2606E02-7ACE-474F-856B-B1E233C6E07E}.Debug|x86.ActiveCfg = Debug|Any CPU
		{E2606E02-7ACE-474F-856B-B1E233C6E07E}.Debug|x86.Build.0 = Debug|Any CPU
		{E2606E02-7ACE-474F-856B-B1E233C6E07E}.Release|Any CPU.ActiveCfg = Release|Any CPU
		{E2606E02-7ACE-474F-856B-B1E233C6E07E}.Release|Any CPU.Build.0 = Release|Any CPU
		{E2606E02-7ACE-474F-856B-B1E233C6E07E}.Release|x64.ActiveCfg = Release|Any CPU
		{E2606E02-7ACE-474F-856B-B1E233C6E07E}.Release|x64.Build.0 = Release|Any CPU
		{E2606E02-7ACE-474F-856B-B1E233C6E07E}.Release|x86.ActiveCfg = Release|Any CPU
		{E2606E02-7ACE-474F-856B-B1E233C6E07E}.Release|x86.Build.0 = Release|Any CPU
		{08AABBD1-3009-4ED4-AA39-147B9D216035}.Debug|Any CPU.ActiveCfg = Debug|Any CPU
		{08AABBD1-3009-4ED4-AA39-147B9D216035}.Debug|Any CPU.Build.0 = Debug|Any CPU
		{08AABBD1-3009-4ED4-AA39-147B9D216035}.Debug|x64.ActiveCfg = Debug|Any CPU
		{08AABBD1-3009-4ED4-AA39-147B9D216035}.Debug|x64.Build.0 = Debug|Any CPU
		{08AABBD1-3009-4ED4-AA39-147B9D216035}.Debug|x86.ActiveCfg = Debug|Any CPU
		{08AABBD1-3009-4ED4-AA39-147B9D216035}.Debug|x86.Build.0 = Debug|Any CPU
		{08AABBD1-3009-4ED4-AA39-147B9D216035}.Release|Any CPU.ActiveCfg = Release|Any CPU
		{08AABBD1-3009-4ED4-AA39-147B9D216035}.Release|Any CPU.Build.0 = Release|Any CPU
		{08AABBD1-3009-4ED4-AA39-147B9D216035}.Release|x64.ActiveCfg = Release|Any CPU
		{08AABBD1-3009-4ED4-AA39-147B9D216035}.Release|x64.Build.0 = Release|Any CPU
		{08AABBD1-3009-4ED4-AA39-147B9D216035}.Release|x86.ActiveCfg = Release|Any CPU
		{08AABBD1-3009-4ED4-AA39-147B9D216035}.Release|x86.Build.0 = Release|Any CPU
		{3A4D4DBA-3D45-4608-9486-F2BBF0756D24}.Debug|Any CPU.ActiveCfg = Debug|Any CPU
		{3A4D4DBA-3D45-4608-9486-F2BBF0756D24}.Debug|Any CPU.Build.0 = Debug|Any CPU
		{3A4D4DBA-3D45-4608-9486-F2BBF0756D24}.Debug|x64.ActiveCfg = Debug|Any CPU
		{3A4D4DBA-3D45-4608-9486-F2BBF0756D24}.Debug|x64.Build.0 = Debug|Any CPU
		{3A4D4DBA-3D45-4608-9486-F2BBF0756D24}.Debug|x86.ActiveCfg = Debug|Any CPU
		{3A4D4DBA-3D45-4608-9486-F2BBF0756D24}.Debug|x86.Build.0 = Debug|Any CPU
		{3A4D4DBA-3D45-4608-9486-F2BBF0756D24}.Release|Any CPU.ActiveCfg = Release|Any CPU
		{3A4D4DBA-3D45-4608-9486-F2BBF0756D24}.Release|Any CPU.Build.0 = Release|Any CPU
		{3A4D4DBA-3D45-4608-9486-F2BBF0756D24}.Release|x64.ActiveCfg = Release|Any CPU
		{3A4D4DBA-3D45-4608-9486-F2BBF0756D24}.Release|x64.Build.0 = Release|Any CPU
		{3A4D4DBA-3D45-4608-9486-F2BBF0756D24}.Release|x86.ActiveCfg = Release|Any CPU
		{3A4D4DBA-3D45-4608-9486-F2BBF0756D24}.Release|x86.Build.0 = Release|Any CPU
		{C58CAE28-C050-4A61-9AA5-780B96E6E4DD}.Debug|Any CPU.ActiveCfg = Debug|Any CPU
		{C58CAE28-C050-4A61-9AA5-780B96E6E4DD}.Debug|Any CPU.Build.0 = Debug|Any CPU
		{C58CAE28-C050-4A61-9AA5-780B96E6E4DD}.Debug|x64.ActiveCfg = Debug|Any CPU
		{C58CAE28-C050-4A61-9AA5-780B96E6E4DD}.Debug|x64.Build.0 = Debug|Any CPU
		{C58CAE28-C050-4A61-9AA5-780B96E6E4DD}.Debug|x86.ActiveCfg = Debug|Any CPU
		{C58CAE28-C050-4A61-9AA5-780B96E6E4DD}.Debug|x86.Build.0 = Debug|Any CPU
		{C58CAE28-C050-4A61-9AA5-780B96E6E4DD}.Release|Any CPU.ActiveCfg = Release|Any CPU
		{C58CAE28-C050-4A61-9AA5-780B96E6E4DD}.Release|Any CPU.Build.0 = Release|Any CPU
		{C58CAE28-C050-4A61-9AA5-780B96E6E4DD}.Release|x64.ActiveCfg = Release|Any CPU
		{C58CAE28-C050-4A61-9AA5-780B96E6E4DD}.Release|x64.Build.0 = Release|Any CPU
		{C58CAE28-C050-4A61-9AA5-780B96E6E4DD}.Release|x86.ActiveCfg = Release|Any CPU
		{C58CAE28-C050-4A61-9AA5-780B96E6E4DD}.Release|x86.Build.0 = Release|Any CPU
	EndGlobalSection
	GlobalSection(SolutionProperties) = preSolution
		HideSolutionNode = FALSE
	EndGlobalSection
	GlobalSection(ExtensibilityGlobals) = postSolution
		SolutionGuid = {1293A7D9-3C76-49EE-B701-62262E61D61D}
	EndGlobalSection
EndGlobal
